
Microsoft Visual Studio Solution File, Format Version 12.00
# Visual Studio 15
VisualStudioVersion = 15.0.26124.0
MinimumVisualStudioVersion = 15.0.26124.0
Project("{2150E333-8FDC-42A3-9474-1A3956D46DE8}") = "test", "test", "{0B05051C-B080-4041-BB59-8F3D7DE427D2}"
EndProject
Project("{2150E333-8FDC-42A3-9474-1A3956D46DE8}") = "src", "src", "{AE0A125F-A4CE-4EF1-BC72-8C6CB79589DF}"
EndProject
Project("{FAE04EC0-301F-11D3-BF4B-00C04F79EFBC}") = "Serilog.Sinks.Xunit.UnitTests", "test\Serilog.Sinks.Xunit.UnitTests\Serilog.Sinks.Xunit.UnitTests.csproj", "{69E6F997-5307-4DA5-84BE-2898C125423C}"
EndProject
Project("{FAE04EC0-301F-11D3-BF4B-00C04F79EFBC}") = "Serilog.Sinks.Xunit", "src\Serilog.Sinks.Xunit\Serilog.Sinks.Xunit.csproj", "{D675DB4E-236F-485D-85D3-51A749238365}"
EndProject
Global
	GlobalSection(SolutionConfigurationPlatforms) = preSolution
		Debug|Any CPU = Debug|Any CPU
		Debug|x64 = Debug|x64
		Debug|x86 = Debug|x86
		Release|Any CPU = Release|Any CPU
		Release|x64 = Release|x64
		Release|x86 = Release|x86
	EndGlobalSection
	GlobalSection(SolutionProperties) = preSolution
		HideSolutionNode = FALSE
	EndGlobalSection
	GlobalSection(ProjectConfigurationPlatforms) = postSolution
		{69E6F997-5307-4DA5-84BE-2898C125423C}.Debug|Any CPU.ActiveCfg = Debug|Any CPU
		{69E6F997-5307-4DA5-84BE-2898C125423C}.Debug|Any CPU.Build.0 = Debug|Any CPU
		{69E6F997-5307-4DA5-84BE-2898C125423C}.Debug|x64.ActiveCfg = Debug|Any CPU
		{69E6F997-5307-4DA5-84BE-2898C125423C}.Debug|x64.Build.0 = Debug|Any CPU
		{69E6F997-5307-4DA5-84BE-2898C125423C}.Debug|x86.ActiveCfg = Debug|Any CPU
		{69E6F997-5307-4DA5-84BE-2898C125423C}.Debug|x86.Build.0 = Debug|Any CPU
		{69E6F997-5307-4DA5-84BE-2898C125423C}.Release|Any CPU.ActiveCfg = Release|Any CPU
		{69E6F997-5307-4DA5-84BE-2898C125423C}.Release|Any CPU.Build.0 = Release|Any CPU
		{69E6F997-5307-4DA5-84BE-2898C125423C}.Release|x64.ActiveCfg = Release|Any CPU
		{69E6F997-5307-4DA5-84BE-2898C125423C}.Release|x64.Build.0 = Release|Any CPU
		{69E6F997-5307-4DA5-84BE-2898C125423C}.Release|x86.ActiveCfg = Release|Any CPU
		{69E6F997-5307-4DA5-84BE-2898C125423C}.Release|x86.Build.0 = Release|Any CPU
		{D675DB4E-236F-485D-85D3-51A749238365}.Debug|Any CPU.ActiveCfg = Debug|Any CPU
		{D675DB4E-236F-485D-85D3-51A749238365}.Debug|Any CPU.Build.0 = Debug|Any CPU
		{D675DB4E-236F-485D-85D3-51A749238365}.Debug|x64.ActiveCfg = Debug|Any CPU
		{D675DB4E-236F-485D-85D3-51A749238365}.Debug|x64.Build.0 = Debug|Any CPU
		{D675DB4E-236F-485D-85D3-51A749238365}.Debug|x86.ActiveCfg = Debug|Any CPU
		{D675DB4E-236F-485D-85D3-51A749238365}.Debug|x86.Build.0 = Debug|Any CPU
		{D675DB4E-236F-485D-85D3-51A749238365}.Release|Any CPU.ActiveCfg = Release|Any CPU
		{D675DB4E-236F-485D-85D3-51A749238365}.Release|Any CPU.Build.0 = Release|Any CPU
		{D675DB4E-236F-485D-85D3-51A749238365}.Release|x64.ActiveCfg = Release|Any CPU
		{D675DB4E-236F-485D-85D3-51A749238365}.Release|x64.Build.0 = Release|Any CPU
		{D675DB4E-236F-485D-85D3-51A749238365}.Release|x86.ActiveCfg = Release|Any CPU
		{D675DB4E-236F-485D-85D3-51A749238365}.Release|x86.Build.0 = Release|Any CPU
	EndGlobalSection
	GlobalSection(NestedProjects) = preSolution
		{69E6F997-5307-4DA5-84BE-2898C125423C} = {0B05051C-B080-4041-BB59-8F3D7DE427D2}
		{D675DB4E-236F-485D-85D3-51A749238365} = {AE0A125F-A4CE-4EF1-BC72-8C6CB79589DF}
	EndGlobalSection
EndGlobal
